
Microsoft Visual Studio Solution File, Format Version 12.00
# Visual Studio Version 17
VisualStudioVersion = 17.7.34202.233
MinimumVisualStudioVersion = 10.0.40219.1
Project("{9A19103F-16F7-4668-BE54-9A1E7A4F7556}") = "LC_Nep", "LC_Nep.csproj", "{64DADC42-FAC1-4F7C-95E3-719F2E8125FD}"
EndProject
Global
	GlobalSection(SolutionConfigurationPlatforms) = preSolution
		Debug|Any CPU = Debug|Any CPU
		Release|Any CPU = Release|Any CPU
	EndGlobalSection
	GlobalSection(ProjectConfigurationPlatforms) = postSolution
		{64DADC42-FAC1-4F7C-95E3-719F2E8125FD}.Debug|Any CPU.ActiveCfg = Debug|Any CPU
		{64DADC42-FAC1-4F7C-95E3-719F2E8125FD}.Debug|Any CPU.Build.0 = Debug|Any CPU
		{64DADC42-FAC1-4F7C-95E3-719F2E8125FD}.Release|Any CPU.ActiveCfg = Release|Any CPU
		{64DADC42-FAC1-4F7C-95E3-719F2E8125FD}.Release|Any CPU.Build.0 = Release|Any CPU
	EndGlobalSection
	GlobalSection(SolutionProperties) = preSolution
		HideSolutionNode = FALSE
	EndGlobalSection
	GlobalSection(ExtensibilityGlobals) = postSolution
		SolutionGuid = {28DF6EAB-2A35-4CE7-BF1F-B669BE660343}
	EndGlobalSection
EndGlobal
